
Microsoft Visual Studio Solution File, Format Version 12.00
# Visual Studio Version 16
VisualStudioVersion = 16.0.31727.386
MinimumVisualStudioVersion = 10.0.40219.1
Project("{FAE04EC0-301F-11D3-BF4B-00C04F79EFBC}") = "EFCoreTableCreation", "EFCoreTableCreation\EFCoreTableCreation.csproj", "{0AAA170B-2306-481E-99D8-1E164FB642D2}"
EndProject
Global
	GlobalSection(SolutionConfigurationPlatforms) = preSolution
		Debug|Any CPU = Debug|Any CPU
		Release|Any CPU = Release|Any CPU
	EndGlobalSection
	GlobalSection(ProjectConfigurationPlatforms) = postSolution
		{0AAA170B-2306-481E-99D8-1E164FB642D2}.Debug|Any CPU.ActiveCfg = Debug|Any CPU
		{0AAA170B-2306-481E-99D8-1E164FB642D2}.Debug|Any CPU.Build.0 = Debug|Any CPU
		{0AAA170B-2306-481E-99D8-1E164FB642D2}.Release|Any CPU.ActiveCfg = Release|Any CPU
		{0AAA170B-2306-481E-99D8-1E164FB642D2}.Release|Any CPU.Build.0 = Release|Any CPU
	EndGlobalSection
	GlobalSection(SolutionProperties) = preSolution
		HideSolutionNode = FALSE
	EndGlobalSection
	GlobalSection(ExtensibilityGlobals) = postSolution
		SolutionGuid = {CEDAC90F-83C4-4BE2-8E6A-D1E614799DAC}
	EndGlobalSection
EndGlobal
