
Microsoft Visual Studio Solution File, Format Version 12.00
# Visual Studio Version 16
VisualStudioVersion = 16.0.31727.386
MinimumVisualStudioVersion = 10.0.40219.1
Project("{FAE04EC0-301F-11D3-BF4B-00C04F79EFBC}") = "BinarySearch", "BinarySearch\BinarySearch.csproj", "{9DB71282-5A6A-4503-B889-D31CF7BD014B}"
EndProject
Global
	GlobalSection(SolutionConfigurationPlatforms) = preSolution
		Debug|Any CPU = Debug|Any CPU
		Release|Any CPU = Release|Any CPU
	EndGlobalSection
	GlobalSection(ProjectConfigurationPlatforms) = postSolution
		{9DB71282-5A6A-4503-B889-D31CF7BD014B}.Debug|Any CPU.ActiveCfg = Debug|Any CPU
		{9DB71282-5A6A-4503-B889-D31CF7BD014B}.Debug|Any CPU.Build.0 = Debug|Any CPU
		{9DB71282-5A6A-4503-B889-D31CF7BD014B}.Release|Any CPU.ActiveCfg = Release|Any CPU
		{9DB71282-5A6A-4503-B889-D31CF7BD014B}.Release|Any CPU.Build.0 = Release|Any CPU
	EndGlobalSection
	GlobalSection(SolutionProperties) = preSolution
		HideSolutionNode = FALSE
	EndGlobalSection
	GlobalSection(ExtensibilityGlobals) = postSolution
		SolutionGuid = {707357AE-A842-4563-A691-E903A86625C3}
	EndGlobalSection
EndGlobal
